
Microsoft Visual Studio Solution File, Format Version 12.00
# Visual Studio 15
VisualStudioVersion = 15.0.26730.12
MinimumVisualStudioVersion = 10.0.40219.1
Project("{FAE04EC0-301F-11D3-BF4B-00C04F79EFBC}") = "StrategyPattern", "PluralsightStrategyPattern\StrategyPattern.csproj", "{0FAA6F75-241F-4979-8778-72E61355CDA6}"
EndProject
Global
	GlobalSection(SolutionConfigurationPlatforms) = preSolution
		Debug|Any CPU = Debug|Any CPU
		Release|Any CPU = Release|Any CPU
	EndGlobalSection
	GlobalSection(ProjectConfigurationPlatforms) = postSolution
		{0FAA6F75-241F-4979-8778-72E61355CDA6}.Debug|Any CPU.ActiveCfg = Debug|Any CPU
		{0FAA6F75-241F-4979-8778-72E61355CDA6}.Debug|Any CPU.Build.0 = Debug|Any CPU
		{0FAA6F75-241F-4979-8778-72E61355CDA6}.Release|Any CPU.ActiveCfg = Release|Any CPU
		{0FAA6F75-241F-4979-8778-72E61355CDA6}.Release|Any CPU.Build.0 = Release|Any CPU
	EndGlobalSection
	GlobalSection(SolutionProperties) = preSolution
		HideSolutionNode = FALSE
	EndGlobalSection
	GlobalSection(ExtensibilityGlobals) = postSolution
		SolutionGuid = {ADC8E51C-0AFA-462F-BD5D-DE4AED0FEABC}
	EndGlobalSection
EndGlobal
